// !$*UTF8*$!
{
	archiveVersion = 1;
	classes = {
	};
	objectVersion = 50;
	objects = {

/* Begin PBXBuildFile section */
		D57607C9277054F700BF03BF /* AppDelegate.swift in Sources */ = {isa = PBXBuildFile; fileRef = D57607C8277054F700BF03BF /* AppDelegate.swift */; };
		D57607CB277054F700BF03BF /* SceneDelegate.swift in Sources */ = {isa = PBXBuildFile; fileRef = D57607CA277054F700BF03BF /* SceneDelegate.swift */; };
		D57607CD277054F700BF03BF /* ViewController.swift in Sources */ = {isa = PBXBuildFile; fileRef = D57607CC277054F700BF03BF /* ViewController.swift */; };
		D57607D0277054F700BF03BF /* Main.storyboard in Resources */ = {isa = PBXBuildFile; fileRef = D57607CE277054F700BF03BF /* Main.storyboard */; };
		D57607D2277054FB00BF03BF /* Assets.xcassets in Resources */ = {isa = PBXBuildFile; fileRef = D57607D1277054FB00BF03BF /* Assets.xcassets */; };
		D57607D5277054FB00BF03BF /* LaunchScreen.storyboard in Resources */ = {isa = PBXBuildFile; fileRef = D57607D3277054FB00BF03BF /* LaunchScreen.storyboard */; };
		D57607DE2770553200BF03BF /* OWTP2PSDK.framework in Frameworks */ = {isa = PBXBuildFile; fileRef = D57607DD2770553200BF03BF /* OWTP2PSDK.framework */; };
		D57607DF2770553200BF03BF /* OWTP2PSDK.framework in Embed Frameworks */ = {isa = PBXBuildFile; fileRef = D57607DD2770553200BF03BF /* OWTP2PSDK.framework */; settings = {ATTRIBUTES = (CodeSignOnCopy, RemoveHeadersOnCopy, ); }; };
		D57607E22770563500BF03BF /* OWT.framework in Frameworks */ = {isa = PBXBuildFile; fileRef = D57607E12770563500BF03BF /* OWT.framework */; };
		D57607E32770563500BF03BF /* OWT.framework in Embed Frameworks */ = {isa = PBXBuildFile; fileRef = D57607E12770563500BF03BF /* OWT.framework */; settings = {ATTRIBUTES = (CodeSignOnCopy, RemoveHeadersOnCopy, ); }; };
		D57607E52770563A00BF03BF /* WebRTC.framework in Frameworks */ = {isa = PBXBuildFile; fileRef = D57607E42770563A00BF03BF /* WebRTC.framework */; };
		D57607E62770563A00BF03BF /* WebRTC.framework in Embed Frameworks */ = {isa = PBXBuildFile; fileRef = D57607E42770563A00BF03BF /* WebRTC.framework */; settings = {ATTRIBUTES = (CodeSignOnCopy, RemoveHeadersOnCopy, ); }; };
/* End PBXBuildFile section */

/* Begin PBXCopyFilesBuildPhase section */
		D57607E02770553300BF03BF /* Embed Frameworks */ = {
			isa = PBXCopyFilesBuildPhase;
			buildActionMask = 2147483647;
			dstPath = "";
			dstSubfolderSpec = 10;
			files = (
				D57607DF2770553200BF03BF /* OWTP2PSDK.framework in Embed Frameworks */,
				D57607E32770563500BF03BF /* OWT.framework in Embed Frameworks */,
				D57607E62770563A00BF03BF /* WebRTC.framework in Embed Frameworks */,
			);
			name = "Embed Frameworks";
			runOnlyForDeploymentPostprocessing = 0;
		};
/* End PBXCopyFilesBuildPhase section */

/* Begin PBXFileReference section */
		D57607C5277054F700BF03BF /* OWTP2PSample.app */ = {isa = PBXFileReference; explicitFileType = wrapper.application; includeInIndex = 0; path = OWTP2PSample.app; sourceTree = BUILT_PRODUCTS_DIR; };
		D57607C8277054F700BF03BF /* AppDelegate.swift */ = {isa = PBXFileReference; lastKnownFileType = sourcecode.swift; path = AppDelegate.swift; sourceTree = "<group>"; };
		D57607CA277054F700BF03BF /* SceneDelegate.swift */ = {isa = PBXFileReference; lastKnownFileType = sourcecode.swift; path = SceneDelegate.swift; sourceTree = "<group>"; };
		D57607CC277054F700BF03BF /* ViewController.swift */ = {isa = PBXFileReference; lastKnownFileType = sourcecode.swift; path = ViewController.swift; sourceTree = "<group>"; };
		D57607CF277054F700BF03BF /* Base */ = {isa = PBXFileReference; lastKnownFileType = file.storyboard; name = Base; path = Base.lproj/Main.storyboard; sourceTree = "<group>"; };
		D57607D1277054FB00BF03BF /* Assets.xcassets */ = {isa = PBXFileReference; lastKnownFileType = folder.assetcatalog; path = Assets.xcassets; sourceTree = "<group>"; };
		D57607D4277054FB00BF03BF /* Base */ = {isa = PBXFileReference; lastKnownFileType = file.storyboard; name = Base; path = Base.lproj/LaunchScreen.storyboard; sourceTree = "<group>"; };
		D57607D6277054FB00BF03BF /* Info.plist */ = {isa = PBXFileReference; lastKnownFileType = text.plist.xml; path = Info.plist; sourceTree = "<group>"; };
		D57607DD2770553200BF03BF /* OWTP2PSDK.framework */ = {isa = PBXFileReference; explicitFileType = wrapper.framework; path = OWTP2PSDK.framework; sourceTree = BUILT_PRODUCTS_DIR; };
		D57607E12770563500BF03BF /* OWT.framework */ = {isa = PBXFileReference; lastKnownFileType = wrapper.framework; name = OWT.framework; path = ../Framework/OWT.framework; sourceTree = "<group>"; };
		D57607E42770563A00BF03BF /* WebRTC.framework */ = {isa = PBXFileReference; lastKnownFileType = wrapper.framework; name = WebRTC.framework; path = ../Framework/WebRTC.framework; sourceTree = "<group>"; };
		D57607E7277056AE00BF03BF /* OWTP2PSample-Bridging-Header.h */ = {isa = PBXFileReference; lastKnownFileType = sourcecode.c.h; path = "OWTP2PSample-Bridging-Header.h"; sourceTree = "<group>"; };
/* End PBXFileReference section */

/* Begin PBXFrameworksBuildPhase section */
		D57607C2277054F700BF03BF /* Frameworks */ = {
			isa = PBXFrameworksBuildPhase;
			buildActionMask = 2147483647;
			files = (
				D57607DE2770553200BF03BF /* OWTP2PSDK.framework in Frameworks */,
				D57607E22770563500BF03BF /* OWT.framework in Frameworks */,
				D57607E52770563A00BF03BF /* WebRTC.framework in Frameworks */,
			);
			runOnlyForDeploymentPostprocessing = 0;
		};
/* End PBXFrameworksBuildPhase section */

/* Begin PBXGroup section */
		D57607BC277054F700BF03BF = {
			isa = PBXGroup;
			children = (
				D57607C7277054F700BF03BF /* OWTP2PSample */,
				D57607C6277054F700BF03BF /* Products */,
				D57607DC2770553200BF03BF /* Frameworks */,
			);
			sourceTree = "<group>";
		};
		D57607C6277054F700BF03BF /* Products */ = {
			isa = PBXGroup;
			children = (
				D57607C5277054F700BF03BF /* OWTP2PSample.app */,
			);
			name = Products;
			sourceTree = "<group>";
		};
		D57607C7277054F700BF03BF /* OWTP2PSample */ = {
			isa = PBXGroup;
			children = (
				D57607C8277054F700BF03BF /* AppDelegate.swift */,
				D57607CA277054F700BF03BF /* SceneDelegate.swift */,
				D57607CC277054F700BF03BF /* ViewController.swift */,
				D57607CE277054F700BF03BF /* Main.storyboard */,
				D57607D1277054FB00BF03BF /* Assets.xcassets */,
				D57607D3277054FB00BF03BF /* LaunchScreen.storyboard */,
				D57607D6277054FB00BF03BF /* Info.plist */,
				D57607E7277056AE00BF03BF /* OWTP2PSample-Bridging-Header.h */,
			);
			path = OWTP2PSample;
			sourceTree = "<group>";
		};
		D57607DC2770553200BF03BF /* Frameworks */ = {
			isa = PBXGroup;
			children = (
				D57607E42770563A00BF03BF /* WebRTC.framework */,
				D57607E12770563500BF03BF /* OWT.framework */,
				D57607DD2770553200BF03BF /* OWTP2PSDK.framework */,
			);
			name = Frameworks;
			sourceTree = "<group>";
		};
/* End PBXGroup section */

/* Begin PBXNativeTarget section */
		D57607C4277054F700BF03BF /* OWTP2PSample */ = {
			isa = PBXNativeTarget;
			buildConfigurationList = D57607D9277054FB00BF03BF /* Build configuration list for PBXNativeTarget "OWTP2PSample" */;
			buildPhases = (
				D57607C1277054F700BF03BF /* Sources */,
				D57607C2277054F700BF03BF /* Frameworks */,
				D57607C3277054F700BF03BF /* Resources */,
				D57607E02770553300BF03BF /* Embed Frameworks */,
			);
			buildRules = (
			);
			dependencies = (
			);
			name = OWTP2PSample;
			productName = OWTP2PSample;
			productReference = D57607C5277054F700BF03BF /* OWTP2PSample.app */;
			productType = "com.apple.product-type.application";
		};
/* End PBXNativeTarget section */

/* Begin PBXProject section */
		D57607BD277054F700BF03BF /* Project object */ = {
			isa = PBXProject;
			attributes = {
				LastSwiftUpdateCheck = 1120;
				LastUpgradeCheck = 1120;
				ORGANIZATIONNAME = "Yue Zhang";
				TargetAttributes = {
					D57607C4277054F700BF03BF = {
						CreatedOnToolsVersion = 11.2.1;
						LastSwiftMigration = 1120;
					};
				};
			};
			buildConfigurationList = D57607C0277054F700BF03BF /* Build configuration list for PBXProject "OWTP2PSample" */;
			compatibilityVersion = "Xcode 9.3";
			developmentRegion = en;
			hasScannedForEncodings = 0;
			knownRegions = (
				en,
				Base,
			);
			mainGroup = D57607BC277054F700BF03BF;
			productRefGroup = D57607C6277054F700BF03BF /* Products */;
			projectDirPath = "";
			projectRoot = "";
			targets = (
				D57607C4277054F700BF03BF /* OWTP2PSample */,
			);
		};
/* End PBXProject section */

/* Begin PBXResourcesBuildPhase section */
		D57607C3277054F700BF03BF /* Resources */ = {
			isa = PBXResourcesBuildPhase;
			buildActionMask = 2147483647;
			files = (
				D57607D5277054FB00BF03BF /* LaunchScreen.storyboard in Resources */,
				D57607D2277054FB00BF03BF /* Assets.xcassets in Resources */,
				D57607D0277054F700BF03BF /* Main.storyboard in Resources */,
			);
			runOnlyForDeploymentPostprocessing = 0;
		};
/* End PBXResourcesBuildPhase section */

/* Begin PBXSourcesBuildPhase section */
		D57607C1277054F700BF03BF /* Sources */ = {
			isa = PBXSourcesBuildPhase;
			buildActionMask = 2147483647;
			files = (
				D57607CD277054F700BF03BF /* ViewController.swift in Sources */,
				D57607C9277054F700BF03BF /* AppDelegate.swift in Sources */,
				D57607CB277054F700BF03BF /* SceneDelegate.swift in Sources */,
			);
			runOnlyForDeploymentPostprocessing = 0;
		};
/* End PBXSourcesBuildPhase section */

/* Begin PBXVariantGroup section */
		D57607CE277054F700BF03BF /* Main.storyboard */ = {
			isa = PBXVariantGroup;
			children = (
				D57607CF277054F700BF03BF /* Base */,
			);
			name = Main.storyboard;
			sourceTree = "<group>";
		};
		D57607D3277054FB00BF03BF /* LaunchScreen.storyboard */ = {
			isa = PBXVariantGroup;
			children = (
				D57607D4277054FB00BF03BF /* Base */,
			);
			name = LaunchScreen.storyboard;
			sourceTree = "<group>";
		};
/* End PBXVariantGroup section */

/* Begin XCBuildConfiguration section */
		D57607D7277054FB00BF03BF /* Debug */ = {
			isa = XCBuildConfiguration;
			buildSettings = {
				ALWAYS_SEARCH_USER_PATHS = NO;
				CLANG_ANALYZER_NONNULL = YES;
				CLANG_ANALYZER_NUMBER_OBJECT_CONVERSION = YES_AGGRESSIVE;
				CLANG_CXX_LANGUAGE_STANDARD = "gnu++14";
				CLANG_CXX_LIBRARY = "libc++";
				CLANG_ENABLE_MODULES = YES;
				CLANG_ENABLE_OBJC_ARC = YES;
				CLANG_ENABLE_OBJC_WEAK = YES;
				CLANG_WARN_BLOCK_CAPTURE_AUTORELEASING = YES;
				CLANG_WARN_BOOL_CONVERSION = YES;
				CLANG_WARN_COMMA = YES;
				CLANG_WARN_CONSTANT_CONVERSION = YES;
				CLANG_WARN_DEPRECATED_OBJC_IMPLEMENTATIONS = YES;
				CLANG_WARN_DIRECT_OBJC_ISA_USAGE = YES_ERROR;
				CLANG_WARN_DOCUMENTATION_COMMENTS = YES;
				CLANG_WARN_EMPTY_BODY = YES;
				CLANG_WARN_ENUM_CONVERSION = YES;
				CLANG_WARN_INFINITE_RECURSION = YES;
				CLANG_WARN_INT_CONVERSION = YES;
				CLANG_WARN_NON_LITERAL_NULL_CONVERSION = YES;
				CLANG_WARN_OBJC_IMPLICIT_RETAIN_SELF = YES;
				CLANG_WARN_OBJC_LITERAL_CONVERSION = YES;
				CLANG_WARN_OBJC_ROOT_CLASS = YES_ERROR;
				CLANG_WARN_RANGE_LOOP_ANALYSIS = YES;
				CLANG_WARN_STRICT_PROTOTYPES = YES;
				CLANG_WARN_SUSPICIOUS_MOVE = YES;
				CLANG_WARN_UNGUARDED_AVAILABILITY = YES_AGGRESSIVE;
				CLANG_WARN_UNREACHABLE_CODE = YES;
				CLANG_WARN__DUPLICATE_METHOD_MATCH = YES;
				COPY_PHASE_STRIP = NO;
				DEBUG_INFORMATION_FORMAT = dwarf;
				ENABLE_STRICT_OBJC_MSGSEND = YES;
				ENABLE_TESTABILITY = YES;
				GCC_C_LANGUAGE_STANDARD = gnu11;
				GCC_DYNAMIC_NO_PIC = NO;
				GCC_NO_COMMON_BLOCKS = YES;
				GCC_OPTIMIZATION_LEVEL = 0;
				GCC_PREPROCESSOR_DEFINITIONS = (
					"DEBUG=1",
					"$(inherited)",
				);
				GCC_WARN_64_TO_32_BIT_CONVERSION = YES;
				GCC_WARN_ABOUT_RETURN_TYPE = YES_ERROR;
				GCC_WARN_UNDECLARED_SELECTOR = YES;
				GCC_WARN_UNINITIALIZED_AUTOS = YES_AGGRESSIVE;
				GCC_WARN_UNUSED_FUNCTION = YES;
				GCC_WARN_UNUSED_VARIABLE = YES;
				IPHONEOS_DEPLOYMENT_TARGET = 13.2;
				MTL_ENABLE_DEBUG_INFO = INCLUDE_SOURCE;
				MTL_FAST_MATH = YES;
				ONLY_ACTIVE_ARCH = YES;
				SDKROOT = iphoneos;
				SWIFT_ACTIVE_COMPILATION_CONDITIONS = DEBUG;
				SWIFT_OPTIMIZATION_LEVEL = "-Onone";
			};
			name = Debug;
		};
		D57607D8277054FB00BF03BF /* Release */ = {
			isa = XCBuildConfiguration;
			buildSettings = {
				ALWAYS_SEARCH_USER_PATHS = NO;
				CLANG_ANALYZER_NONNULL = YES;
				CLANG_ANALYZER_NUMBER_OBJECT_CONVERSION = YES_AGGRESSIVE;
				CLANG_CXX_LANGUAGE_STANDARD = "gnu++14";
				CLANG_CXX_LIBRARY = "libc++";
				CLANG_ENABLE_MODULES = YES;
				CLANG_ENABLE_OBJC_ARC = YES;
				CLANG_ENABLE_OBJC_WEAK = YES;
				CLANG_WARN_BLOCK_CAPTURE_AUTORELEASING = YES;
				CLANG_WARN_BOOL_CONVERSION = YES;
				CLANG_WARN_COMMA = YES;
				CLANG_WARN_CONSTANT_CONVERSION = YES;
				CLANG_WARN_DEPRECATED_OBJC_IMPLEMENTATIONS = YES;
				CLANG_WARN_DIRECT_OBJC_ISA_USAGE = YES_ERROR;
				CLANG_WARN_DOCUMENTATION_COMMENTS = YES;
				CLANG_WARN_EMPTY_BODY = YES;
				CLANG_WARN_ENUM_CONVERSION = YES;
				CLANG_WARN_INFINITE_RECURSION = YES;
				CLANG_WARN_INT_CONVERSION = YES;
				CLANG_WARN_NON_LITERAL_NULL_CONVERSION = YES;
				CLANG_WARN_OBJC_IMPLICIT_RETAIN_SELF = YES;
				CLANG_WARN_OBJC_LITERAL_CONVERSION = YES;
				CLANG_WARN_OBJC_ROOT_CLASS = YES_ERROR;
				CLANG_WARN_RANGE_LOOP_ANALYSIS = YES;
				CLANG_WARN_STRICT_PROTOTYPES = YES;
				CLANG_WARN_SUSPICIOUS_MOVE = YES;
				CLANG_WARN_UNGUARDED_AVAILABILITY = YES_AGGRESSIVE;
				CLANG_WARN_UNREACHABLE_CODE = YES;
				CLANG_WARN__DUPLICATE_METHOD_MATCH = YES;
				COPY_PHASE_STRIP = NO;
				DEBUG_INFORMATION_FORMAT = "dwarf-with-dsym";
				ENABLE_NS_ASSERTIONS = NO;
				ENABLE_STRICT_OBJC_MSGSEND = YES;
				GCC_C_LANGUAGE_STANDARD = gnu11;
				GCC_NO_COMMON_BLOCKS = YES;
				GCC_WARN_64_TO_32_BIT_CONVERSION = YES;
				GCC_WARN_ABOUT_RETURN_TYPE = YES_ERROR;
				GCC_WARN_UNDECLARED_SELECTOR = YES;
				GCC_WARN_UNINITIALIZED_AUTOS = YES_AGGRESSIVE;
				GCC_WARN_UNUSED_FUNCTION = YES;
				GCC_WARN_UNUSED_VARIABLE = YES;
				IPHONEOS_DEPLOYMENT_TARGET = 13.2;
				MTL_ENABLE_DEBUG_INFO = NO;
				MTL_FAST_MATH = YES;
				SDKROOT = iphoneos;
				SWIFT_COMPILATION_MODE = wholemodule;
				SWIFT_OPTIMIZATION_LEVEL = "-O";
				VALIDATE_PRODUCT = YES;
			};
			name = Release;
		};
		D57607DA277054FB00BF03BF /* Debug */ = {
			isa = XCBuildConfiguration;
			buildSettings = {
				ASSETCATALOG_COMPILER_APPICON_NAME = AppIcon;
				CLANG_ENABLE_MODULES = YES;
				CODE_SIGN_STYLE = Automatic;
				DEVELOPMENT_TEAM = 5HKQEKG5Y9;
				FRAMEWORK_SEARCH_PATHS = "$(SRCROOT)/../Framework";
				INFOPLIST_FILE = OWTP2PSample/Info.plist;
				LD_RUNPATH_SEARCH_PATHS = (
					"$(inherited)",
					"@executable_path/Frameworks",
				);
				PRODUCT_BUNDLE_IDENTIFIER = com.intel.owt.p2p.OWTP2PSample;
				PRODUCT_NAME = "$(TARGET_NAME)";
				SWIFT_OBJC_BRIDGING_HEADER = "OWTP2PSample/OWTP2PSample-Bridging-Header.h";
				SWIFT_OPTIMIZATION_LEVEL = "-Onone";
				SWIFT_VERSION = 5.0;
				TARGETED_DEVICE_FAMILY = "1,2";
			};
			name = Debug;
		};
		D57607DB277054FB00BF03BF /* Release */ = {
			isa = XCBuildConfiguration;
			buildSettings = {
				ASSETCATALOG_COMPILER_APPICON_NAME = AppIcon;
				CLANG_ENABLE_MODULES = YES;
				CODE_SIGN_STYLE = Automatic;
				DEVELOPMENT_TEAM = 5HKQEKG5Y9;
				FRAMEWORK_SEARCH_PATHS = "$(SRCROOT)/../Framework";
				INFOPLIST_FILE = OWTP2PSample/Info.plist;
				LD_RUNPATH_SEARCH_PATHS = (
					"$(inherited)",
					"@executable_path/Frameworks",
				);
				PRODUCT_BUNDLE_IDENTIFIER = com.intel.owt.p2p.OWTP2PSample;
				PRODUCT_NAME = "$(TARGET_NAME)";
				SWIFT_OBJC_BRIDGING_HEADER = "OWTP2PSample/OWTP2PSample-Bridging-Header.h";
				SWIFT_VERSION = 5.0;
				TARGETED_DEVICE_FAMILY = "1,2";
			};
			name = Release;
		};
/* End XCBuildConfiguration section */

/* Begin XCConfigurationList section */
		D57607C0277054F700BF03BF /* Build configuration list for PBXProject "OWTP2PSample" */ = {
			isa = XCConfigurationList;
			buildConfigurations = (
				D57607D7277054FB00BF03BF /* Debug */,
				D57607D8277054FB00BF03BF /* Release */,
			);
			defaultConfigurationIsVisible = 0;
			defaultConfigurationName = Release;
		};
		D57607D9277054FB00BF03BF /* Build configuration list for PBXNativeTarget "OWTP2PSample" */ = {
			isa = XCConfigurationList;
			buildConfigurations = (
				D57607DA277054FB00BF03BF /* Debug */,
				D57607DB277054FB00BF03BF /* Release */,
			);
			defaultConfigurationIsVisible = 0;
			defaultConfigurationName = Release;
		};
/* End XCConfigurationList section */
	};
	rootObject = D57607BD277054F700BF03BF /* Project object */;
}
